
Microsoft Visual Studio Solution File, Format Version 12.00
# Visual Studio Version 17
VisualStudioVersion = 17.3.32819.101
MinimumVisualStudioVersion = 10.0.40219.1
Project("{6EC3EE1D-3C4E-46DD-8F32-0CC8E7565705}") = "Assignment1", "Assignment1\Assignment1.fsproj", "{09308BAE-EA68-4C18-AC00-BEE984211EC0}"
EndProject
Project("{6EC3EE1D-3C4E-46DD-8F32-0CC8E7565705}") = "Assignment2", "Assignment2\Assignment2.fsproj", "{DBD04540-DEB7-4238-A87A-100C39CE82EA}"
EndProject
Project("{6EC3EE1D-3C4E-46DD-8F32-0CC8E7565705}") = "Assignment3", "Assignment3\Assignment3.fsproj", "{1B7A0967-CE81-442E-B535-DB791A44B7FB}"
EndProject
Project("{6EC3EE1D-3C4E-46DD-8F32-0CC8E7565705}") = "Assignment4", "Assignment4\Assignment4.fsproj", "{70C43957-7883-4EF5-84FC-253303DFC459}"
EndProject
Project("{F2A71F9B-5D33-465A-A702-920D77279786}") = "Assignment5", "Assignment5\Assignment5.fsproj", "{94679D01-A429-4EEE-ABEF-401ED8CD8238}"
EndProject
Global
	GlobalSection(SolutionConfigurationPlatforms) = preSolution
		Debug|Any CPU = Debug|Any CPU
		Release|Any CPU = Release|Any CPU
	EndGlobalSection
	GlobalSection(ProjectConfigurationPlatforms) = postSolution
		{09308BAE-EA68-4C18-AC00-BEE984211EC0}.Debug|Any CPU.ActiveCfg = Debug|Any CPU
		{09308BAE-EA68-4C18-AC00-BEE984211EC0}.Debug|Any CPU.Build.0 = Debug|Any CPU
		{09308BAE-EA68-4C18-AC00-BEE984211EC0}.Release|Any CPU.ActiveCfg = Release|Any CPU
		{09308BAE-EA68-4C18-AC00-BEE984211EC0}.Release|Any CPU.Build.0 = Release|Any CPU
		{DBD04540-DEB7-4238-A87A-100C39CE82EA}.Debug|Any CPU.ActiveCfg = Debug|Any CPU
		{DBD04540-DEB7-4238-A87A-100C39CE82EA}.Debug|Any CPU.Build.0 = Debug|Any CPU
		{DBD04540-DEB7-4238-A87A-100C39CE82EA}.Release|Any CPU.ActiveCfg = Release|Any CPU
		{DBD04540-DEB7-4238-A87A-100C39CE82EA}.Release|Any CPU.Build.0 = Release|Any CPU
		{1B7A0967-CE81-442E-B535-DB791A44B7FB}.Debug|Any CPU.ActiveCfg = Debug|Any CPU
		{1B7A0967-CE81-442E-B535-DB791A44B7FB}.Debug|Any CPU.Build.0 = Debug|Any CPU
		{1B7A0967-CE81-442E-B535-DB791A44B7FB}.Release|Any CPU.ActiveCfg = Release|Any CPU
		{1B7A0967-CE81-442E-B535-DB791A44B7FB}.Release|Any CPU.Build.0 = Release|Any CPU
		{70C43957-7883-4EF5-84FC-253303DFC459}.Debug|Any CPU.ActiveCfg = Debug|Any CPU
		{70C43957-7883-4EF5-84FC-253303DFC459}.Debug|Any CPU.Build.0 = Debug|Any CPU
		{70C43957-7883-4EF5-84FC-253303DFC459}.Release|Any CPU.ActiveCfg = Release|Any CPU
		{70C43957-7883-4EF5-84FC-253303DFC459}.Release|Any CPU.Build.0 = Release|Any CPU
		{94679D01-A429-4EEE-ABEF-401ED8CD8238}.Debug|Any CPU.ActiveCfg = Debug|Any CPU
		{94679D01-A429-4EEE-ABEF-401ED8CD8238}.Debug|Any CPU.Build.0 = Debug|Any CPU
		{94679D01-A429-4EEE-ABEF-401ED8CD8238}.Release|Any CPU.ActiveCfg = Release|Any CPU
		{94679D01-A429-4EEE-ABEF-401ED8CD8238}.Release|Any CPU.Build.0 = Release|Any CPU
	EndGlobalSection
	GlobalSection(SolutionProperties) = preSolution
		HideSolutionNode = FALSE
	EndGlobalSection
	GlobalSection(ExtensibilityGlobals) = postSolution
		SolutionGuid = {9A4938EE-3B46-4A25-ABA7-0C7045C5112C}
	EndGlobalSection
EndGlobal
